
Microsoft Visual Studio Solution File, Format Version 12.00
# Visual Studio Version 17
VisualStudioVersion = 17.5.002.0
MinimumVisualStudioVersion = 10.0.40219.1
Project("{9A19103F-16F7-4668-BE54-9A1E7A4F7556}") = "FlagX0", "FlagX0.csproj", "{CA92C5A7-39EC-45CF-8FEC-A4E8193D2319}"
EndProject
Global
	GlobalSection(SolutionConfigurationPlatforms) = preSolution
		Debug|Any CPU = Debug|Any CPU
		Release|Any CPU = Release|Any CPU
	EndGlobalSection
	GlobalSection(ProjectConfigurationPlatforms) = postSolution
		{CA92C5A7-39EC-45CF-8FEC-A4E8193D2319}.Debug|Any CPU.ActiveCfg = Debug|Any CPU
		{CA92C5A7-39EC-45CF-8FEC-A4E8193D2319}.Debug|Any CPU.Build.0 = Debug|Any CPU
		{CA92C5A7-39EC-45CF-8FEC-A4E8193D2319}.Release|Any CPU.ActiveCfg = Release|Any CPU
		{CA92C5A7-39EC-45CF-8FEC-A4E8193D2319}.Release|Any CPU.Build.0 = Release|Any CPU
	EndGlobalSection
	GlobalSection(SolutionProperties) = preSolution
		HideSolutionNode = FALSE
	EndGlobalSection
	GlobalSection(ExtensibilityGlobals) = postSolution
		SolutionGuid = {9595D2F5-9D39-4438-96E0-F149018D1A7C}
	EndGlobalSection
EndGlobal
